
Microsoft Visual Studio Solution File, Format Version 12.00
# Visual Studio 14
VisualStudioVersion = 14.0.25123.0
MinimumVisualStudioVersion = 10.0.40219.1
Project("{FAE04EC0-301F-11D3-BF4B-00C04F79EFBC}") = "MvcWebshop.Domain", "MvcWebshop.Domain\MvcWebshop.Domain.csproj", "{D1AB15A2-B06E-4331-BC8B-9C998277FA6B}"
EndProject
Project("{FAE04EC0-301F-11D3-BF4B-00C04F79EFBC}") = "MvcWebshop.WebUI", "MvcWebshop.WebUI\MvcWebshop.WebUI.csproj", "{4694A36C-AE16-475F-8E32-3229D3539089}"
EndProject
Global
	GlobalSection(SolutionConfigurationPlatforms) = preSolution
		Debug|Any CPU = Debug|Any CPU
		Release|Any CPU = Release|Any CPU
	EndGlobalSection
	GlobalSection(ProjectConfigurationPlatforms) = postSolution
		{D1AB15A2-B06E-4331-BC8B-9C998277FA6B}.Debug|Any CPU.ActiveCfg = Debug|Any CPU
		{D1AB15A2-B06E-4331-BC8B-9C998277FA6B}.Debug|Any CPU.Build.0 = Debug|Any CPU
		{D1AB15A2-B06E-4331-BC8B-9C998277FA6B}.Release|Any CPU.ActiveCfg = Release|Any CPU
		{D1AB15A2-B06E-4331-BC8B-9C998277FA6B}.Release|Any CPU.Build.0 = Release|Any CPU
		{4694A36C-AE16-475F-8E32-3229D3539089}.Debug|Any CPU.ActiveCfg = Debug|Any CPU
		{4694A36C-AE16-475F-8E32-3229D3539089}.Debug|Any CPU.Build.0 = Debug|Any CPU
		{4694A36C-AE16-475F-8E32-3229D3539089}.Release|Any CPU.ActiveCfg = Release|Any CPU
		{4694A36C-AE16-475F-8E32-3229D3539089}.Release|Any CPU.Build.0 = Release|Any CPU
	EndGlobalSection
	GlobalSection(SolutionProperties) = preSolution
		HideSolutionNode = FALSE
	EndGlobalSection
EndGlobal
